
Microsoft Visual Studio Solution File, Format Version 12.00
# Visual Studio Version 16
VisualStudioVersion = 16.0.32106.194
MinimumVisualStudioVersion = 10.0.40219.1
Project("{8BC9CEB8-8B4A-11D0-8D11-00A0C91BC942}") = "test 2022-1-16   Symbol", "test 2022-1-16   Symbol.vcxproj", "{953FE6E5-C797-43C2-9A75-1E7B07E0C648}"
EndProject
Global
	GlobalSection(SolutionConfigurationPlatforms) = preSolution
		Debug|x64 = Debug|x64
		Debug|x86 = Debug|x86
		Release|x64 = Release|x64
		Release|x86 = Release|x86
	EndGlobalSection
	GlobalSection(ProjectConfigurationPlatforms) = postSolution
		{953FE6E5-C797-43C2-9A75-1E7B07E0C648}.Debug|x64.ActiveCfg = Debug|x64
		{953FE6E5-C797-43C2-9A75-1E7B07E0C648}.Debug|x64.Build.0 = Debug|x64
		{953FE6E5-C797-43C2-9A75-1E7B07E0C648}.Debug|x86.ActiveCfg = Debug|Win32
		{953FE6E5-C797-43C2-9A75-1E7B07E0C648}.Debug|x86.Build.0 = Debug|Win32
		{953FE6E5-C797-43C2-9A75-1E7B07E0C648}.Release|x64.ActiveCfg = Release|x64
		{953FE6E5-C797-43C2-9A75-1E7B07E0C648}.Release|x64.Build.0 = Release|x64
		{953FE6E5-C797-43C2-9A75-1E7B07E0C648}.Release|x86.ActiveCfg = Release|Win32
		{953FE6E5-C797-43C2-9A75-1E7B07E0C648}.Release|x86.Build.0 = Release|Win32
	EndGlobalSection
	GlobalSection(SolutionProperties) = preSolution
		HideSolutionNode = FALSE
	EndGlobalSection
	GlobalSection(ExtensibilityGlobals) = postSolution
		SolutionGuid = {929A2672-79D2-40D5-9630-B924AA2BE07C}
	EndGlobalSection
EndGlobal
